
Microsoft Visual Studio Solution File, Format Version 12.00
# Visual Studio Version 17
VisualStudioVersion = 17.0.32014.148
MinimumVisualStudioVersion = 10.0.40219.1
Project("{FAE04EC0-301F-11D3-BF4B-00C04F79EFBC}") = "DataAccessAdo", "DataAccessAdo.csproj", "{DF9B26DF-C744-43E0-9C44-019014F1BEFE}"
EndProject
Global
	GlobalSection(SolutionConfigurationPlatforms) = preSolution
		Debug|Any CPU = Debug|Any CPU
		Release|Any CPU = Release|Any CPU
	EndGlobalSection
	GlobalSection(ProjectConfigurationPlatforms) = postSolution
		{DF9B26DF-C744-43E0-9C44-019014F1BEFE}.Debug|Any CPU.ActiveCfg = Debug|Any CPU
		{DF9B26DF-C744-43E0-9C44-019014F1BEFE}.Debug|Any CPU.Build.0 = Debug|Any CPU
		{DF9B26DF-C744-43E0-9C44-019014F1BEFE}.Release|Any CPU.ActiveCfg = Release|Any CPU
		{DF9B26DF-C744-43E0-9C44-019014F1BEFE}.Release|Any CPU.Build.0 = Release|Any CPU
	EndGlobalSection
	GlobalSection(SolutionProperties) = preSolution
		HideSolutionNode = FALSE
	EndGlobalSection
	GlobalSection(ExtensibilityGlobals) = postSolution
		SolutionGuid = {CAFED199-584E-435A-90B0-C7F66D0A1DE4}
	EndGlobalSection
EndGlobal
